
Microsoft Visual Studio Solution File, Format Version 12.00
# Visual Studio Version 16
VisualStudioVersion = 16.0.29926.136
MinimumVisualStudioVersion = 10.0.40219.1
Project("{FAE04EC0-301F-11D3-BF4B-00C04F79EFBC}") = "LibraryManager_ADO.NET", "LibraryManager_ADO.NET\LibraryManager_ADO.NET.csproj", "{4FAAAE74-14A7-4E45-BF41-484EA1B08342}"
EndProject
Global
	GlobalSection(SolutionConfigurationPlatforms) = preSolution
		Debug|Any CPU = Debug|Any CPU
		Release|Any CPU = Release|Any CPU
	EndGlobalSection
	GlobalSection(ProjectConfigurationPlatforms) = postSolution
		{4FAAAE74-14A7-4E45-BF41-484EA1B08342}.Debug|Any CPU.ActiveCfg = Debug|Any CPU
		{4FAAAE74-14A7-4E45-BF41-484EA1B08342}.Debug|Any CPU.Build.0 = Debug|Any CPU
		{4FAAAE74-14A7-4E45-BF41-484EA1B08342}.Release|Any CPU.ActiveCfg = Release|Any CPU
		{4FAAAE74-14A7-4E45-BF41-484EA1B08342}.Release|Any CPU.Build.0 = Release|Any CPU
	EndGlobalSection
	GlobalSection(SolutionProperties) = preSolution
		HideSolutionNode = FALSE
	EndGlobalSection
	GlobalSection(ExtensibilityGlobals) = postSolution
		SolutionGuid = {7541E114-F8D3-4010-A850-0171E1ABC90B}
	EndGlobalSection
EndGlobal
